
Microsoft Visual Studio Solution File, Format Version 12.00
# Visual Studio Version 17
VisualStudioVersion = 17.14.36310.24 d17.14
MinimumVisualStudioVersion = 10.0.40219.1
Project("{FAE04EC0-301F-11D3-BF4B-00C04F79EFBC}") = "Webapp", "Webapp\Webapp.csproj", "{6FB38AE6-63E3-4A0B-97C4-5F8643EF110D}"
EndProject
Global
	GlobalSection(SolutionConfigurationPlatforms) = preSolution
		Debug|Any CPU = Debug|Any CPU
		Release|Any CPU = Release|Any CPU
	EndGlobalSection
	GlobalSection(ProjectConfigurationPlatforms) = postSolution
		{6FB38AE6-63E3-4A0B-97C4-5F8643EF110D}.Debug|Any CPU.ActiveCfg = Debug|Any CPU
		{6FB38AE6-63E3-4A0B-97C4-5F8643EF110D}.Debug|Any CPU.Build.0 = Debug|Any CPU
		{6FB38AE6-63E3-4A0B-97C4-5F8643EF110D}.Release|Any CPU.ActiveCfg = Release|Any CPU
		{6FB38AE6-63E3-4A0B-97C4-5F8643EF110D}.Release|Any CPU.Build.0 = Release|Any CPU
	EndGlobalSection
	GlobalSection(SolutionProperties) = preSolution
		HideSolutionNode = FALSE
	EndGlobalSection
	GlobalSection(ExtensibilityGlobals) = postSolution
		SolutionGuid = {8B43C1FD-CC91-4026-9AA5-A4857F0D40DB}
	EndGlobalSection
EndGlobal
